{
  "name": "node",
  "version": "1.0.0",
  "lockfileVersion": 1,
  "requires": true,
  "dependencies": {
    "nanogram.js": {
      "version": "1.0.2",
      "resolved": "https://registry.npmjs.org/nanogram.js/-/nanogram.js-1.0.2.tgz",
      "integrity": "sha512-EJThkZPvOwhxnI7jB4T1kjYX3qEeRwvx/wnpqd6sBusLQPSLBlrZumDby9aHVVzl8hxtXDO2kGaPh8k9WnPtHQ=="
    },
    "node-fetch": {
      "version": "2.6.0",
      "resolved": "https://registry.npmjs.org/node-fetch/-/node-fetch-2.6.0.tgz",
      "integrity": "sha512-8dG4H5ujfvFiqDmVu9fQ5bOHUC15JMjMY/Zumv26oOvvVJjM67KF8koCWIabKQ1GJIa9r2mMZscBq/TbdOcmNA=="
    }
  }
}
