{
  "name": "node",
  "version": "1.0.0",
  "lockfileVersion": 1,
  "requires": true,
  "dependencies": {
    "nanogram.js": {
      "version": "1.0.0",
      "resolved": "https://registry.npmjs.org/nanogram.js/-/nanogram.js-1.0.0.tgz",
      "integrity": "sha512-3i5YOi8WBzf/WM15UxeSCalzZ/JacOUVOcsq+0e6GQRrUENoAXwRVVNC1rVTkP6CG6zIlWmgbDLCNKX6JrCCaA=="
    },
    "node-fetch": {
      "version": "2.6.0",
      "resolved": "https://registry.npmjs.org/node-fetch/-/node-fetch-2.6.0.tgz",
      "integrity": "sha512-8dG4H5ujfvFiqDmVu9fQ5bOHUC15JMjMY/Zumv26oOvvVJjM67KF8koCWIabKQ1GJIa9r2mMZscBq/TbdOcmNA=="
    }
  }
}
